
Microsoft Visual Studio Solution File, Format Version 12.00
# Visual Studio Version 17
VisualStudioVersion = 17.3.32901.215
MinimumVisualStudioVersion = 10.0.40219.1
Project("{9A19103F-16F7-4668-BE54-9A1E7A4F7556}") = "CatalogService", "CatalogService\CatalogService.csproj", "{DA119D6F-D4FC-4DD3-92A5-1E5B08CD0E06}"
EndProject
Project("{2150E333-8FDC-42A3-9474-1A3956D46DE8}") = "src", "src", "{B87EC7B9-81C5-4B23-A00F-891A05B73E02}"
EndProject
Project("{FAE04EC0-301F-11D3-BF4B-00C04F79EFBC}") = "Domain", "Domain\Domain.csproj", "{B10CBAEA-E24C-4707-84A3-7748B2E7EEBF}"
EndProject
Project("{FAE04EC0-301F-11D3-BF4B-00C04F79EFBC}") = "Application", "Application\Application.csproj", "{D3C59A99-5985-492F-8DCF-08D2723C623C}"
EndProject
Global
	GlobalSection(SolutionConfigurationPlatforms) = preSolution
		Debug|Any CPU = Debug|Any CPU
		Release|Any CPU = Release|Any CPU
	EndGlobalSection
	GlobalSection(ProjectConfigurationPlatforms) = postSolution
		{DA119D6F-D4FC-4DD3-92A5-1E5B08CD0E06}.Debug|Any CPU.ActiveCfg = Debug|Any CPU
		{DA119D6F-D4FC-4DD3-92A5-1E5B08CD0E06}.Debug|Any CPU.Build.0 = Debug|Any CPU
		{DA119D6F-D4FC-4DD3-92A5-1E5B08CD0E06}.Release|Any CPU.ActiveCfg = Release|Any CPU
		{DA119D6F-D4FC-4DD3-92A5-1E5B08CD0E06}.Release|Any CPU.Build.0 = Release|Any CPU
		{B10CBAEA-E24C-4707-84A3-7748B2E7EEBF}.Debug|Any CPU.ActiveCfg = Debug|Any CPU
		{B10CBAEA-E24C-4707-84A3-7748B2E7EEBF}.Debug|Any CPU.Build.0 = Debug|Any CPU
		{B10CBAEA-E24C-4707-84A3-7748B2E7EEBF}.Release|Any CPU.ActiveCfg = Release|Any CPU
		{B10CBAEA-E24C-4707-84A3-7748B2E7EEBF}.Release|Any CPU.Build.0 = Release|Any CPU
		{D3C59A99-5985-492F-8DCF-08D2723C623C}.Debug|Any CPU.ActiveCfg = Debug|Any CPU
		{D3C59A99-5985-492F-8DCF-08D2723C623C}.Debug|Any CPU.Build.0 = Debug|Any CPU
		{D3C59A99-5985-492F-8DCF-08D2723C623C}.Release|Any CPU.ActiveCfg = Release|Any CPU
		{D3C59A99-5985-492F-8DCF-08D2723C623C}.Release|Any CPU.Build.0 = Release|Any CPU
	EndGlobalSection
	GlobalSection(SolutionProperties) = preSolution
		HideSolutionNode = FALSE
	EndGlobalSection
	GlobalSection(NestedProjects) = preSolution
		{B10CBAEA-E24C-4707-84A3-7748B2E7EEBF} = {B87EC7B9-81C5-4B23-A00F-891A05B73E02}
		{D3C59A99-5985-492F-8DCF-08D2723C623C} = {B87EC7B9-81C5-4B23-A00F-891A05B73E02}
	EndGlobalSection
	GlobalSection(ExtensibilityGlobals) = postSolution
		SolutionGuid = {25F5395F-42F3-4E28-88E5-85849DEC1860}
	EndGlobalSection
EndGlobal
